
Microsoft Visual Studio Solution File, Format Version 12.00
# Visual Studio 2013
VisualStudioVersion = 12.0.21005.1
MinimumVisualStudioVersion = 10.0.40219.1
Project("{FAE04EC0-301F-11D3-BF4B-00C04F79EFBC}") = "PalmRecognizer", "PalmRecognizer\PalmRecognizer.csproj", "{19669760-3ABE-4511-B886-5B11B16AEED9}"
EndProject
Project("{FAE04EC0-301F-11D3-BF4B-00C04F79EFBC}") = "DatabaseConnection", "DatabaseConnection\DatabaseConnection.csproj", "{DA6BA64C-D3A3-4778-9ECE-628DED404BEF}"
EndProject
Global
	GlobalSection(SolutionConfigurationPlatforms) = preSolution
		Debug|Any CPU = Debug|Any CPU
		Release|Any CPU = Release|Any CPU
	EndGlobalSection
	GlobalSection(ProjectConfigurationPlatforms) = postSolution
		{19669760-3ABE-4511-B886-5B11B16AEED9}.Debug|Any CPU.ActiveCfg = Debug|Any CPU
		{19669760-3ABE-4511-B886-5B11B16AEED9}.Debug|Any CPU.Build.0 = Debug|Any CPU
		{19669760-3ABE-4511-B886-5B11B16AEED9}.Release|Any CPU.ActiveCfg = Release|Any CPU
		{19669760-3ABE-4511-B886-5B11B16AEED9}.Release|Any CPU.Build.0 = Release|Any CPU
		{DA6BA64C-D3A3-4778-9ECE-628DED404BEF}.Debug|Any CPU.ActiveCfg = Debug|Any CPU
		{DA6BA64C-D3A3-4778-9ECE-628DED404BEF}.Debug|Any CPU.Build.0 = Debug|Any CPU
		{DA6BA64C-D3A3-4778-9ECE-628DED404BEF}.Release|Any CPU.ActiveCfg = Release|Any CPU
		{DA6BA64C-D3A3-4778-9ECE-628DED404BEF}.Release|Any CPU.Build.0 = Release|Any CPU
	EndGlobalSection
	GlobalSection(SolutionProperties) = preSolution
		HideSolutionNode = FALSE
	EndGlobalSection
EndGlobal
